
Microsoft Visual Studio Solution File, Format Version 12.00
# Visual Studio Version 17
VisualStudioVersion = 17.7.34202.233
MinimumVisualStudioVersion = 10.0.40219.1
Project("{8BC9CEB8-8B4A-11D0-8D11-00A0C91BC942}") = "HelloWorld", "HelloWorld\HelloWorld.vcxproj", "{67F4A981-580A-4F21-A28B-51CCD63F740D}"
EndProject
Project("{8BC9CEB8-8B4A-11D0-8D11-00A0C91BC942}") = "if", "if\if.vcxproj", "{8D4D3F62-D71C-4F7D-96A2-C93A1FF2BA3E}"
EndProject
Project("{8BC9CEB8-8B4A-11D0-8D11-00A0C91BC942}") = "BasicType", "BasicType\BasicType.vcxproj", "{3A1C1791-55CB-427D-B03C-AEF380FD3C1E}"
EndProject
Project("{8BC9CEB8-8B4A-11D0-8D11-00A0C91BC942}") = "for", "for\for.vcxproj", "{1D542FA4-2E9F-4899-ABCA-FAA656734751}"
EndProject
Project("{8BC9CEB8-8B4A-11D0-8D11-00A0C91BC942}") = "cin_cout", "cin_cout\cin_cout.vcxproj", "{5EB76B0E-BD10-4A7E-86B0-581ECD945259}"
EndProject
Project("{8BC9CEB8-8B4A-11D0-8D11-00A0C91BC942}") = "switch", "switch\switch.vcxproj", "{72E30BAD-DAAA-4205-8F93-DF4F2010CC05}"
EndProject
Project("{8BC9CEB8-8B4A-11D0-8D11-00A0C91BC942}") = "while", "while\while.vcxproj", "{8F13D5A9-23EA-42BB-B56D-C2B6D39EDA56}"
EndProject
Project("{8BC9CEB8-8B4A-11D0-8D11-00A0C91BC942}") = "do_while", "do_while\do_while.vcxproj", "{2038E6A7-646A-4D15-A94A-FF2252C2D752}"
EndProject
Project("{8BC9CEB8-8B4A-11D0-8D11-00A0C91BC942}") = "sizeof", "sizeof\sizeof.vcxproj", "{AB7EE2EA-A28C-4633-B0C1-74E31B774D2F}"
EndProject
Project("{8BC9CEB8-8B4A-11D0-8D11-00A0C91BC942}") = "operator", "operator\operator.vcxproj", "{90F2195E-0E66-47DA-9928-0629495B2B8E}"
EndProject
Project("{8BC9CEB8-8B4A-11D0-8D11-00A0C91BC942}") = "comparison_operators", "comparison_operators\comparison_operators.vcxproj", "{567B04DD-26D2-4872-B4A7-7041E10833D4}"
EndProject
Project("{8BC9CEB8-8B4A-11D0-8D11-00A0C91BC942}") = "break", "break\break.vcxproj", "{6A2E3363-6D80-4B6D-9B75-C9D81204CD16}"
EndProject
Project("{8BC9CEB8-8B4A-11D0-8D11-00A0C91BC942}") = "return", "return\return.vcxproj", "{2CFEB60F-7BD7-4C0E-9BE6-82EB01FEE916}"
EndProject
Project("{8BC9CEB8-8B4A-11D0-8D11-00A0C91BC942}") = "continue", "continue\continue.vcxproj", "{ECB3E649-A471-48E6-865D-24AA879D85A3}"
EndProject
Project("{8BC9CEB8-8B4A-11D0-8D11-00A0C91BC942}") = "array", "array\array.vcxproj", "{143DD07D-8020-4DD5-B3DF-A93CDCAEA53B}"
EndProject
Project("{8BC9CEB8-8B4A-11D0-8D11-00A0C91BC942}") = "const", "const\const.vcxproj", "{BDB8A745-6668-459F-B9FB-9795AE0E65DC}"
EndProject
Project("{8BC9CEB8-8B4A-11D0-8D11-00A0C91BC942}") = "pointer", "pointer\pointer.vcxproj", "{B16E2F4A-D8BC-47DE-A9B8-5102ECBF13EC}"
EndProject
Project("{8BC9CEB8-8B4A-11D0-8D11-00A0C91BC942}") = "allocate_memory", "allocate_memory\allocate_memory.vcxproj", "{D669E6CF-A1A7-45AC-AEA7-27DE7326DDCB}"
EndProject
Project("{8BC9CEB8-8B4A-11D0-8D11-00A0C91BC942}") = "reference", "reference\reference.vcxproj", "{063E39E0-3290-400B-A9D7-D26CBF7F93FC}"
EndProject
Project("{8BC9CEB8-8B4A-11D0-8D11-00A0C91BC942}") = "function", "function\function.vcxproj", "{E3779901-5289-461D-BEA5-9619ED91F328}"
EndProject
Project("{8BC9CEB8-8B4A-11D0-8D11-00A0C91BC942}") = "static", "static\static.vcxproj", "{D53D06D2-7B69-4CE9-BE57-34010EE98CB5}"
EndProject
Project("{8BC9CEB8-8B4A-11D0-8D11-00A0C91BC942}") = "void", "void\void.vcxproj", "{1AF702DF-8FB9-413E-AEF2-E9E5A623798F}"
EndProject
Project("{8BC9CEB8-8B4A-11D0-8D11-00A0C91BC942}") = "class", "class\class.vcxproj", "{6A8B1521-D9AE-4E25-B14A-37E1766D7A76}"
EndProject
Project("{8BC9CEB8-8B4A-11D0-8D11-00A0C91BC942}") = "string", "string\string.vcxproj", "{672C507C-C4B3-46F6-B06A-68E37BF0D1A1}"
EndProject
Project("{8BC9CEB8-8B4A-11D0-8D11-00A0C91BC942}") = "std_array", "std_array\std_array.vcxproj", "{3D1E9167-8853-449C-A638-E63DF244D972}"
EndProject
Project("{8BC9CEB8-8B4A-11D0-8D11-00A0C91BC942}") = "overloading", "overloading\overloading.vcxproj", "{DCB90EF2-CA6E-4B48-8415-5E57EC957605}"
EndProject
Project("{8BC9CEB8-8B4A-11D0-8D11-00A0C91BC942}") = "main", "main\main.vcxproj", "{EE3C7C78-D39E-462C-BCD7-DC806104D3E4}"
EndProject
Project("{8BC9CEB8-8B4A-11D0-8D11-00A0C91BC942}") = "pointer_to_array", "pointer_to_array\pointer_to_array.vcxproj", "{60DD538A-C621-4DED-A541-35A4B4374F12}"
EndProject
Project("{8BC9CEB8-8B4A-11D0-8D11-00A0C91BC942}") = "switch_init_statement", "switch_init_statement\switch_init_statement.vcxproj", "{38207DB5-C679-4538-8C37-3A3B29C3251D}"
EndProject
Project("{8BC9CEB8-8B4A-11D0-8D11-00A0C91BC942}") = "if_init_statement", "if_init_statement\if_init_statement.vcxproj", "{32FB35F9-3122-43E6-9471-18113D474000}"
EndProject
Project("{8BC9CEB8-8B4A-11D0-8D11-00A0C91BC942}") = "struct", "struct\struct.vcxproj", "{BB0F4D04-B299-45C3-A71B-C87461157F1F}"
EndProject
Project("{8BC9CEB8-8B4A-11D0-8D11-00A0C91BC942}") = "auto", "auto\auto.vcxproj", "{12A66A7B-6015-4CFD-BBA1-7642050E46DF}"
EndProject
Project("{8BC9CEB8-8B4A-11D0-8D11-00A0C91BC942}") = "typedef", "typedef\typedef.vcxproj", "{5C2F5EB0-8B43-42B6-BDC0-5D589967E8E5}"
EndProject
Project("{8BC9CEB8-8B4A-11D0-8D11-00A0C91BC942}") = "decltype", "decltype\decltype.vcxproj", "{CA44C3C9-21E6-4A6A-B3FB-AAD68B7E99E2}"
EndProject
Project("{8BC9CEB8-8B4A-11D0-8D11-00A0C91BC942}") = "conditional_operator", "conditional_operator\conditional_operator.vcxproj", "{D0C7293B-71BA-481B-9101-E4347042C141}"
EndProject
Project("{8BC9CEB8-8B4A-11D0-8D11-00A0C91BC942}") = "cast", "cast\cast.vcxproj", "{B791E338-ED90-4317-975F-9F7667F52F75}"
EndProject
Project("{8BC9CEB8-8B4A-11D0-8D11-00A0C91BC942}") = "for_range_based", "for_range_based\for_range_based.vcxproj", "{5EF711E3-397C-40FF-BF99-923D0B15DC88}"
EndProject
Project("{8BC9CEB8-8B4A-11D0-8D11-00A0C91BC942}") = "pointer_to_class_member", "pointer_to_class_member\pointer_to_class_member.vcxproj", "{D140DD27-BD10-4F31-BFE5-8219DF52C458}"
EndProject
Project("{8BC9CEB8-8B4A-11D0-8D11-00A0C91BC942}") = "constexpr", "constexpr\constexpr.vcxproj", "{5D9EE97E-EDD6-4837-B4BF-585F4F57C0AE}"
EndProject
Project("{8BC9CEB8-8B4A-11D0-8D11-00A0C91BC942}") = "designated_initializers", "designated_initializers\designated_initializers.vcxproj", "{79919BC6-8744-47CC-BF62-07CC0036111E}"
EndProject
Project("{8BC9CEB8-8B4A-11D0-8D11-00A0C91BC942}") = "vector", "vector\vector.vcxproj", "{009EAF3F-F7CE-4588-BFB4-EB87B834A3B9}"
EndProject
Project("{8BC9CEB8-8B4A-11D0-8D11-00A0C91BC942}") = "virtual", "virtual\virtual.vcxproj", "{BE4F72BA-1042-4056-8EDA-240E822B601D}"
EndProject
Project("{8BC9CEB8-8B4A-11D0-8D11-00A0C91BC942}") = "static_member", "static_member\static_member.vcxproj", "{2D595575-C84F-48F5-BD47-206FEB89FC0F}"
EndProject
Project("{8BC9CEB8-8B4A-11D0-8D11-00A0C91BC942}") = "explicit", "explicit\explicit.vcxproj", "{1796324E-32E5-42F1-BF18-D65C582755AC}"
EndProject
Global
	GlobalSection(SolutionConfigurationPlatforms) = preSolution
		Debug|x64 = Debug|x64
		Debug|x86 = Debug|x86
		Release|x64 = Release|x64
		Release|x86 = Release|x86
	EndGlobalSection
	GlobalSection(ProjectConfigurationPlatforms) = postSolution
		{67F4A981-580A-4F21-A28B-51CCD63F740D}.Debug|x64.ActiveCfg = Debug|x64
		{67F4A981-580A-4F21-A28B-51CCD63F740D}.Debug|x64.Build.0 = Debug|x64
		{67F4A981-580A-4F21-A28B-51CCD63F740D}.Debug|x86.ActiveCfg = Debug|Win32
		{67F4A981-580A-4F21-A28B-51CCD63F740D}.Debug|x86.Build.0 = Debug|Win32
		{67F4A981-580A-4F21-A28B-51CCD63F740D}.Release|x64.ActiveCfg = Release|x64
		{67F4A981-580A-4F21-A28B-51CCD63F740D}.Release|x64.Build.0 = Release|x64
		{67F4A981-580A-4F21-A28B-51CCD63F740D}.Release|x86.ActiveCfg = Release|Win32
		{67F4A981-580A-4F21-A28B-51CCD63F740D}.Release|x86.Build.0 = Release|Win32
		{8D4D3F62-D71C-4F7D-96A2-C93A1FF2BA3E}.Debug|x64.ActiveCfg = Debug|x64
		{8D4D3F62-D71C-4F7D-96A2-C93A1FF2BA3E}.Debug|x64.Build.0 = Debug|x64
		{8D4D3F62-D71C-4F7D-96A2-C93A1FF2BA3E}.Debug|x86.ActiveCfg = Debug|Win32
		{8D4D3F62-D71C-4F7D-96A2-C93A1FF2BA3E}.Debug|x86.Build.0 = Debug|Win32
		{8D4D3F62-D71C-4F7D-96A2-C93A1FF2BA3E}.Release|x64.ActiveCfg = Release|x64
		{8D4D3F62-D71C-4F7D-96A2-C93A1FF2BA3E}.Release|x64.Build.0 = Release|x64
		{8D4D3F62-D71C-4F7D-96A2-C93A1FF2BA3E}.Release|x86.ActiveCfg = Release|Win32
		{8D4D3F62-D71C-4F7D-96A2-C93A1FF2BA3E}.Release|x86.Build.0 = Release|Win32
		{3A1C1791-55CB-427D-B03C-AEF380FD3C1E}.Debug|x64.ActiveCfg = Debug|x64
		{3A1C1791-55CB-427D-B03C-AEF380FD3C1E}.Debug|x64.Build.0 = Debug|x64
		{3A1C1791-55CB-427D-B03C-AEF380FD3C1E}.Debug|x86.ActiveCfg = Debug|Win32
		{3A1C1791-55CB-427D-B03C-AEF380FD3C1E}.Debug|x86.Build.0 = Debug|Win32
		{3A1C1791-55CB-427D-B03C-AEF380FD3C1E}.Release|x64.ActiveCfg = Release|x64
		{3A1C1791-55CB-427D-B03C-AEF380FD3C1E}.Release|x64.Build.0 = Release|x64
		{3A1C1791-55CB-427D-B03C-AEF380FD3C1E}.Release|x86.ActiveCfg = Release|Win32
		{3A1C1791-55CB-427D-B03C-AEF380FD3C1E}.Release|x86.Build.0 = Release|Win32
		{1D542FA4-2E9F-4899-ABCA-FAA656734751}.Debug|x64.ActiveCfg = Debug|x64
		{1D542FA4-2E9F-4899-ABCA-FAA656734751}.Debug|x64.Build.0 = Debug|x64
		{1D542FA4-2E9F-4899-ABCA-FAA656734751}.Debug|x86.ActiveCfg = Debug|Win32
		{1D542FA4-2E9F-4899-ABCA-FAA656734751}.Debug|x86.Build.0 = Debug|Win32
		{1D542FA4-2E9F-4899-ABCA-FAA656734751}.Release|x64.ActiveCfg = Release|x64
		{1D542FA4-2E9F-4899-ABCA-FAA656734751}.Release|x64.Build.0 = Release|x64
		{1D542FA4-2E9F-4899-ABCA-FAA656734751}.Release|x86.ActiveCfg = Release|Win32
		{1D542FA4-2E9F-4899-ABCA-FAA656734751}.Release|x86.Build.0 = Release|Win32
		{5EB76B0E-BD10-4A7E-86B0-581ECD945259}.Debug|x64.ActiveCfg = Debug|x64
		{5EB76B0E-BD10-4A7E-86B0-581ECD945259}.Debug|x64.Build.0 = Debug|x64
		{5EB76B0E-BD10-4A7E-86B0-581ECD945259}.Debug|x86.ActiveCfg = Debug|Win32
		{5EB76B0E-BD10-4A7E-86B0-581ECD945259}.Debug|x86.Build.0 = Debug|Win32
		{5EB76B0E-BD10-4A7E-86B0-581ECD945259}.Release|x64.ActiveCfg = Release|x64
		{5EB76B0E-BD10-4A7E-86B0-581ECD945259}.Release|x64.Build.0 = Release|x64
		{5EB76B0E-BD10-4A7E-86B0-581ECD945259}.Release|x86.ActiveCfg = Release|Win32
		{5EB76B0E-BD10-4A7E-86B0-581ECD945259}.Release|x86.Build.0 = Release|Win32
		{72E30BAD-DAAA-4205-8F93-DF4F2010CC05}.Debug|x64.ActiveCfg = Debug|x64
		{72E30BAD-DAAA-4205-8F93-DF4F2010CC05}.Debug|x64.Build.0 = Debug|x64
		{72E30BAD-DAAA-4205-8F93-DF4F2010CC05}.Debug|x86.ActiveCfg = Debug|Win32
		{72E30BAD-DAAA-4205-8F93-DF4F2010CC05}.Debug|x86.Build.0 = Debug|Win32
		{72E30BAD-DAAA-4205-8F93-DF4F2010CC05}.Release|x64.ActiveCfg = Release|x64
		{72E30BAD-DAAA-4205-8F93-DF4F2010CC05}.Release|x64.Build.0 = Release|x64
		{72E30BAD-DAAA-4205-8F93-DF4F2010CC05}.Release|x86.ActiveCfg = Release|Win32
		{72E30BAD-DAAA-4205-8F93-DF4F2010CC05}.Release|x86.Build.0 = Release|Win32
		{8F13D5A9-23EA-42BB-B56D-C2B6D39EDA56}.Debug|x64.ActiveCfg = Debug|x64
		{8F13D5A9-23EA-42BB-B56D-C2B6D39EDA56}.Debug|x64.Build.0 = Debug|x64
		{8F13D5A9-23EA-42BB-B56D-C2B6D39EDA56}.Debug|x86.ActiveCfg = Debug|Win32
		{8F13D5A9-23EA-42BB-B56D-C2B6D39EDA56}.Debug|x86.Build.0 = Debug|Win32
		{8F13D5A9-23EA-42BB-B56D-C2B6D39EDA56}.Release|x64.ActiveCfg = Release|x64
		{8F13D5A9-23EA-42BB-B56D-C2B6D39EDA56}.Release|x64.Build.0 = Release|x64
		{8F13D5A9-23EA-42BB-B56D-C2B6D39EDA56}.Release|x86.ActiveCfg = Release|Win32
		{8F13D5A9-23EA-42BB-B56D-C2B6D39EDA56}.Release|x86.Build.0 = Release|Win32
		{2038E6A7-646A-4D15-A94A-FF2252C2D752}.Debug|x64.ActiveCfg = Debug|x64
		{2038E6A7-646A-4D15-A94A-FF2252C2D752}.Debug|x64.Build.0 = Debug|x64
		{2038E6A7-646A-4D15-A94A-FF2252C2D752}.Debug|x86.ActiveCfg = Debug|Win32
		{2038E6A7-646A-4D15-A94A-FF2252C2D752}.Debug|x86.Build.0 = Debug|Win32
		{2038E6A7-646A-4D15-A94A-FF2252C2D752}.Release|x64.ActiveCfg = Release|x64
		{2038E6A7-646A-4D15-A94A-FF2252C2D752}.Release|x64.Build.0 = Release|x64
		{2038E6A7-646A-4D15-A94A-FF2252C2D752}.Release|x86.ActiveCfg = Release|Win32
		{2038E6A7-646A-4D15-A94A-FF2252C2D752}.Release|x86.Build.0 = Release|Win32
		{AB7EE2EA-A28C-4633-B0C1-74E31B774D2F}.Debug|x64.ActiveCfg = Debug|x64
		{AB7EE2EA-A28C-4633-B0C1-74E31B774D2F}.Debug|x64.Build.0 = Debug|x64
		{AB7EE2EA-A28C-4633-B0C1-74E31B774D2F}.Debug|x86.ActiveCfg = Debug|Win32
		{AB7EE2EA-A28C-4633-B0C1-74E31B774D2F}.Debug|x86.Build.0 = Debug|Win32
		{AB7EE2EA-A28C-4633-B0C1-74E31B774D2F}.Release|x64.ActiveCfg = Release|x64
		{AB7EE2EA-A28C-4633-B0C1-74E31B774D2F}.Release|x64.Build.0 = Release|x64
		{AB7EE2EA-A28C-4633-B0C1-74E31B774D2F}.Release|x86.ActiveCfg = Release|Win32
		{AB7EE2EA-A28C-4633-B0C1-74E31B774D2F}.Release|x86.Build.0 = Release|Win32
		{90F2195E-0E66-47DA-9928-0629495B2B8E}.Debug|x64.ActiveCfg = Debug|x64
		{90F2195E-0E66-47DA-9928-0629495B2B8E}.Debug|x64.Build.0 = Debug|x64
		{90F2195E-0E66-47DA-9928-0629495B2B8E}.Debug|x86.ActiveCfg = Debug|Win32
		{90F2195E-0E66-47DA-9928-0629495B2B8E}.Debug|x86.Build.0 = Debug|Win32
		{90F2195E-0E66-47DA-9928-0629495B2B8E}.Release|x64.ActiveCfg = Release|x64
		{90F2195E-0E66-47DA-9928-0629495B2B8E}.Release|x64.Build.0 = Release|x64
		{90F2195E-0E66-47DA-9928-0629495B2B8E}.Release|x86.ActiveCfg = Release|Win32
		{90F2195E-0E66-47DA-9928-0629495B2B8E}.Release|x86.Build.0 = Release|Win32
		{567B04DD-26D2-4872-B4A7-7041E10833D4}.Debug|x64.ActiveCfg = Debug|x64
		{567B04DD-26D2-4872-B4A7-7041E10833D4}.Debug|x64.Build.0 = Debug|x64
		{567B04DD-26D2-4872-B4A7-7041E10833D4}.Debug|x86.ActiveCfg = Debug|Win32
		{567B04DD-26D2-4872-B4A7-7041E10833D4}.Debug|x86.Build.0 = Debug|Win32
		{567B04DD-26D2-4872-B4A7-7041E10833D4}.Release|x64.ActiveCfg = Release|x64
		{567B04DD-26D2-4872-B4A7-7041E10833D4}.Release|x64.Build.0 = Release|x64
		{567B04DD-26D2-4872-B4A7-7041E10833D4}.Release|x86.ActiveCfg = Release|Win32
		{567B04DD-26D2-4872-B4A7-7041E10833D4}.Release|x86.Build.0 = Release|Win32
		{6A2E3363-6D80-4B6D-9B75-C9D81204CD16}.Debug|x64.ActiveCfg = Debug|x64
		{6A2E3363-6D80-4B6D-9B75-C9D81204CD16}.Debug|x64.Build.0 = Debug|x64
		{6A2E3363-6D80-4B6D-9B75-C9D81204CD16}.Debug|x86.ActiveCfg = Debug|Win32
		{6A2E3363-6D80-4B6D-9B75-C9D81204CD16}.Debug|x86.Build.0 = Debug|Win32
		{6A2E3363-6D80-4B6D-9B75-C9D81204CD16}.Release|x64.ActiveCfg = Release|x64
		{6A2E3363-6D80-4B6D-9B75-C9D81204CD16}.Release|x64.Build.0 = Release|x64
		{6A2E3363-6D80-4B6D-9B75-C9D81204CD16}.Release|x86.ActiveCfg = Release|Win32
		{6A2E3363-6D80-4B6D-9B75-C9D81204CD16}.Release|x86.Build.0 = Release|Win32
		{2CFEB60F-7BD7-4C0E-9BE6-82EB01FEE916}.Debug|x64.ActiveCfg = Debug|x64
		{2CFEB60F-7BD7-4C0E-9BE6-82EB01FEE916}.Debug|x64.Build.0 = Debug|x64
		{2CFEB60F-7BD7-4C0E-9BE6-82EB01FEE916}.Debug|x86.ActiveCfg = Debug|Win32
		{2CFEB60F-7BD7-4C0E-9BE6-82EB01FEE916}.Debug|x86.Build.0 = Debug|Win32
		{2CFEB60F-7BD7-4C0E-9BE6-82EB01FEE916}.Release|x64.ActiveCfg = Release|x64
		{2CFEB60F-7BD7-4C0E-9BE6-82EB01FEE916}.Release|x64.Build.0 = Release|x64
		{2CFEB60F-7BD7-4C0E-9BE6-82EB01FEE916}.Release|x86.ActiveCfg = Release|Win32
		{2CFEB60F-7BD7-4C0E-9BE6-82EB01FEE916}.Release|x86.Build.0 = Release|Win32
		{ECB3E649-A471-48E6-865D-24AA879D85A3}.Debug|x64.ActiveCfg = Debug|x64
		{ECB3E649-A471-48E6-865D-24AA879D85A3}.Debug|x64.Build.0 = Debug|x64
		{ECB3E649-A471-48E6-865D-24AA879D85A3}.Debug|x86.ActiveCfg = Debug|Win32
		{ECB3E649-A471-48E6-865D-24AA879D85A3}.Debug|x86.Build.0 = Debug|Win32
		{ECB3E649-A471-48E6-865D-24AA879D85A3}.Release|x64.ActiveCfg = Release|x64
		{ECB3E649-A471-48E6-865D-24AA879D85A3}.Release|x64.Build.0 = Release|x64
		{ECB3E649-A471-48E6-865D-24AA879D85A3}.Release|x86.ActiveCfg = Release|Win32
		{ECB3E649-A471-48E6-865D-24AA879D85A3}.Release|x86.Build.0 = Release|Win32
		{143DD07D-8020-4DD5-B3DF-A93CDCAEA53B}.Debug|x64.ActiveCfg = Debug|x64
		{143DD07D-8020-4DD5-B3DF-A93CDCAEA53B}.Debug|x64.Build.0 = Debug|x64
		{143DD07D-8020-4DD5-B3DF-A93CDCAEA53B}.Debug|x86.ActiveCfg = Debug|Win32
		{143DD07D-8020-4DD5-B3DF-A93CDCAEA53B}.Debug|x86.Build.0 = Debug|Win32
		{143DD07D-8020-4DD5-B3DF-A93CDCAEA53B}.Release|x64.ActiveCfg = Release|x64
		{143DD07D-8020-4DD5-B3DF-A93CDCAEA53B}.Release|x64.Build.0 = Release|x64
		{143DD07D-8020-4DD5-B3DF-A93CDCAEA53B}.Release|x86.ActiveCfg = Release|Win32
		{143DD07D-8020-4DD5-B3DF-A93CDCAEA53B}.Release|x86.Build.0 = Release|Win32
		{BDB8A745-6668-459F-B9FB-9795AE0E65DC}.Debug|x64.ActiveCfg = Debug|x64
		{BDB8A745-6668-459F-B9FB-9795AE0E65DC}.Debug|x64.Build.0 = Debug|x64
		{BDB8A745-6668-459F-B9FB-9795AE0E65DC}.Debug|x86.ActiveCfg = Debug|Win32
		{BDB8A745-6668-459F-B9FB-9795AE0E65DC}.Debug|x86.Build.0 = Debug|Win32
		{BDB8A745-6668-459F-B9FB-9795AE0E65DC}.Release|x64.ActiveCfg = Release|x64
		{BDB8A745-6668-459F-B9FB-9795AE0E65DC}.Release|x64.Build.0 = Release|x64
		{BDB8A745-6668-459F-B9FB-9795AE0E65DC}.Release|x86.ActiveCfg = Release|Win32
		{BDB8A745-6668-459F-B9FB-9795AE0E65DC}.Release|x86.Build.0 = Release|Win32
		{B16E2F4A-D8BC-47DE-A9B8-5102ECBF13EC}.Debug|x64.ActiveCfg = Debug|x64
		{B16E2F4A-D8BC-47DE-A9B8-5102ECBF13EC}.Debug|x64.Build.0 = Debug|x64
		{B16E2F4A-D8BC-47DE-A9B8-5102ECBF13EC}.Debug|x86.ActiveCfg = Debug|Win32
		{B16E2F4A-D8BC-47DE-A9B8-5102ECBF13EC}.Debug|x86.Build.0 = Debug|Win32
		{B16E2F4A-D8BC-47DE-A9B8-5102ECBF13EC}.Release|x64.ActiveCfg = Release|x64
		{B16E2F4A-D8BC-47DE-A9B8-5102ECBF13EC}.Release|x64.Build.0 = Release|x64
		{B16E2F4A-D8BC-47DE-A9B8-5102ECBF13EC}.Release|x86.ActiveCfg = Release|Win32
		{B16E2F4A-D8BC-47DE-A9B8-5102ECBF13EC}.Release|x86.Build.0 = Release|Win32
		{D669E6CF-A1A7-45AC-AEA7-27DE7326DDCB}.Debug|x64.ActiveCfg = Debug|x64
		{D669E6CF-A1A7-45AC-AEA7-27DE7326DDCB}.Debug|x64.Build.0 = Debug|x64
		{D669E6CF-A1A7-45AC-AEA7-27DE7326DDCB}.Debug|x86.ActiveCfg = Debug|Win32
		{D669E6CF-A1A7-45AC-AEA7-27DE7326DDCB}.Debug|x86.Build.0 = Debug|Win32
		{D669E6CF-A1A7-45AC-AEA7-27DE7326DDCB}.Release|x64.ActiveCfg = Release|x64
		{D669E6CF-A1A7-45AC-AEA7-27DE7326DDCB}.Release|x64.Build.0 = Release|x64
		{D669E6CF-A1A7-45AC-AEA7-27DE7326DDCB}.Release|x86.ActiveCfg = Release|Win32
		{D669E6CF-A1A7-45AC-AEA7-27DE7326DDCB}.Release|x86.Build.0 = Release|Win32
		{063E39E0-3290-400B-A9D7-D26CBF7F93FC}.Debug|x64.ActiveCfg = Debug|x64
		{063E39E0-3290-400B-A9D7-D26CBF7F93FC}.Debug|x64.Build.0 = Debug|x64
		{063E39E0-3290-400B-A9D7-D26CBF7F93FC}.Debug|x86.ActiveCfg = Debug|Win32
		{063E39E0-3290-400B-A9D7-D26CBF7F93FC}.Debug|x86.Build.0 = Debug|Win32
		{063E39E0-3290-400B-A9D7-D26CBF7F93FC}.Release|x64.ActiveCfg = Release|x64
		{063E39E0-3290-400B-A9D7-D26CBF7F93FC}.Release|x64.Build.0 = Release|x64
		{063E39E0-3290-400B-A9D7-D26CBF7F93FC}.Release|x86.ActiveCfg = Release|Win32
		{063E39E0-3290-400B-A9D7-D26CBF7F93FC}.Release|x86.Build.0 = Release|Win32
		{E3779901-5289-461D-BEA5-9619ED91F328}.Debug|x64.ActiveCfg = Debug|x64
		{E3779901-5289-461D-BEA5-9619ED91F328}.Debug|x64.Build.0 = Debug|x64
		{E3779901-5289-461D-BEA5-9619ED91F328}.Debug|x86.ActiveCfg = Debug|Win32
		{E3779901-5289-461D-BEA5-9619ED91F328}.Debug|x86.Build.0 = Debug|Win32
		{E3779901-5289-461D-BEA5-9619ED91F328}.Release|x64.ActiveCfg = Release|x64
		{E3779901-5289-461D-BEA5-9619ED91F328}.Release|x64.Build.0 = Release|x64
		{E3779901-5289-461D-BEA5-9619ED91F328}.Release|x86.ActiveCfg = Release|Win32
		{E3779901-5289-461D-BEA5-9619ED91F328}.Release|x86.Build.0 = Release|Win32
		{D53D06D2-7B69-4CE9-BE57-34010EE98CB5}.Debug|x64.ActiveCfg = Debug|x64
		{D53D06D2-7B69-4CE9-BE57-34010EE98CB5}.Debug|x64.Build.0 = Debug|x64
		{D53D06D2-7B69-4CE9-BE57-34010EE98CB5}.Debug|x86.ActiveCfg = Debug|Win32
		{D53D06D2-7B69-4CE9-BE57-34010EE98CB5}.Debug|x86.Build.0 = Debug|Win32
		{D53D06D2-7B69-4CE9-BE57-34010EE98CB5}.Release|x64.ActiveCfg = Release|x64
		{D53D06D2-7B69-4CE9-BE57-34010EE98CB5}.Release|x64.Build.0 = Release|x64
		{D53D06D2-7B69-4CE9-BE57-34010EE98CB5}.Release|x86.ActiveCfg = Release|Win32
		{D53D06D2-7B69-4CE9-BE57-34010EE98CB5}.Release|x86.Build.0 = Release|Win32
		{1AF702DF-8FB9-413E-AEF2-E9E5A623798F}.Debug|x64.ActiveCfg = Debug|x64
		{1AF702DF-8FB9-413E-AEF2-E9E5A623798F}.Debug|x64.Build.0 = Debug|x64
		{1AF702DF-8FB9-413E-AEF2-E9E5A623798F}.Debug|x86.ActiveCfg = Debug|Win32
		{1AF702DF-8FB9-413E-AEF2-E9E5A623798F}.Debug|x86.Build.0 = Debug|Win32
		{1AF702DF-8FB9-413E-AEF2-E9E5A623798F}.Release|x64.ActiveCfg = Release|x64
		{1AF702DF-8FB9-413E-AEF2-E9E5A623798F}.Release|x64.Build.0 = Release|x64
		{1AF702DF-8FB9-413E-AEF2-E9E5A623798F}.Release|x86.ActiveCfg = Release|Win32
		{1AF702DF-8FB9-413E-AEF2-E9E5A623798F}.Release|x86.Build.0 = Release|Win32
		{6A8B1521-D9AE-4E25-B14A-37E1766D7A76}.Debug|x64.ActiveCfg = Debug|x64
		{6A8B1521-D9AE-4E25-B14A-37E1766D7A76}.Debug|x64.Build.0 = Debug|x64
		{6A8B1521-D9AE-4E25-B14A-37E1766D7A76}.Debug|x86.ActiveCfg = Debug|Win32
		{6A8B1521-D9AE-4E25-B14A-37E1766D7A76}.Debug|x86.Build.0 = Debug|Win32
		{6A8B1521-D9AE-4E25-B14A-37E1766D7A76}.Release|x64.ActiveCfg = Release|x64
		{6A8B1521-D9AE-4E25-B14A-37E1766D7A76}.Release|x64.Build.0 = Release|x64
		{6A8B1521-D9AE-4E25-B14A-37E1766D7A76}.Release|x86.ActiveCfg = Release|Win32
		{6A8B1521-D9AE-4E25-B14A-37E1766D7A76}.Release|x86.Build.0 = Release|Win32
		{672C507C-C4B3-46F6-B06A-68E37BF0D1A1}.Debug|x64.ActiveCfg = Debug|x64
		{672C507C-C4B3-46F6-B06A-68E37BF0D1A1}.Debug|x64.Build.0 = Debug|x64
		{672C507C-C4B3-46F6-B06A-68E37BF0D1A1}.Debug|x86.ActiveCfg = Debug|Win32
		{672C507C-C4B3-46F6-B06A-68E37BF0D1A1}.Debug|x86.Build.0 = Debug|Win32
		{672C507C-C4B3-46F6-B06A-68E37BF0D1A1}.Release|x64.ActiveCfg = Release|x64
		{672C507C-C4B3-46F6-B06A-68E37BF0D1A1}.Release|x64.Build.0 = Release|x64
		{672C507C-C4B3-46F6-B06A-68E37BF0D1A1}.Release|x86.ActiveCfg = Release|Win32
		{672C507C-C4B3-46F6-B06A-68E37BF0D1A1}.Release|x86.Build.0 = Release|Win32
		{3D1E9167-8853-449C-A638-E63DF244D972}.Debug|x64.ActiveCfg = Debug|x64
		{3D1E9167-8853-449C-A638-E63DF244D972}.Debug|x64.Build.0 = Debug|x64
		{3D1E9167-8853-449C-A638-E63DF244D972}.Debug|x86.ActiveCfg = Debug|Win32
		{3D1E9167-8853-449C-A638-E63DF244D972}.Debug|x86.Build.0 = Debug|Win32
		{3D1E9167-8853-449C-A638-E63DF244D972}.Release|x64.ActiveCfg = Release|x64
		{3D1E9167-8853-449C-A638-E63DF244D972}.Release|x64.Build.0 = Release|x64
		{3D1E9167-8853-449C-A638-E63DF244D972}.Release|x86.ActiveCfg = Release|Win32
		{3D1E9167-8853-449C-A638-E63DF244D972}.Release|x86.Build.0 = Release|Win32
		{DCB90EF2-CA6E-4B48-8415-5E57EC957605}.Debug|x64.ActiveCfg = Debug|x64
		{DCB90EF2-CA6E-4B48-8415-5E57EC957605}.Debug|x64.Build.0 = Debug|x64
		{DCB90EF2-CA6E-4B48-8415-5E57EC957605}.Debug|x86.ActiveCfg = Debug|Win32
		{DCB90EF2-CA6E-4B48-8415-5E57EC957605}.Debug|x86.Build.0 = Debug|Win32
		{DCB90EF2-CA6E-4B48-8415-5E57EC957605}.Release|x64.ActiveCfg = Release|x64
		{DCB90EF2-CA6E-4B48-8415-5E57EC957605}.Release|x64.Build.0 = Release|x64
		{DCB90EF2-CA6E-4B48-8415-5E57EC957605}.Release|x86.ActiveCfg = Release|Win32
		{DCB90EF2-CA6E-4B48-8415-5E57EC957605}.Release|x86.Build.0 = Release|Win32
		{EE3C7C78-D39E-462C-BCD7-DC806104D3E4}.Debug|x64.ActiveCfg = Debug|x64
		{EE3C7C78-D39E-462C-BCD7-DC806104D3E4}.Debug|x64.Build.0 = Debug|x64
		{EE3C7C78-D39E-462C-BCD7-DC806104D3E4}.Debug|x86.ActiveCfg = Debug|Win32
		{EE3C7C78-D39E-462C-BCD7-DC806104D3E4}.Debug|x86.Build.0 = Debug|Win32
		{EE3C7C78-D39E-462C-BCD7-DC806104D3E4}.Release|x64.ActiveCfg = Release|x64
		{EE3C7C78-D39E-462C-BCD7-DC806104D3E4}.Release|x64.Build.0 = Release|x64
		{EE3C7C78-D39E-462C-BCD7-DC806104D3E4}.Release|x86.ActiveCfg = Release|Win32
		{EE3C7C78-D39E-462C-BCD7-DC806104D3E4}.Release|x86.Build.0 = Release|Win32
		{60DD538A-C621-4DED-A541-35A4B4374F12}.Debug|x64.ActiveCfg = Debug|x64
		{60DD538A-C621-4DED-A541-35A4B4374F12}.Debug|x64.Build.0 = Debug|x64
		{60DD538A-C621-4DED-A541-35A4B4374F12}.Debug|x86.ActiveCfg = Debug|Win32
		{60DD538A-C621-4DED-A541-35A4B4374F12}.Debug|x86.Build.0 = Debug|Win32
		{60DD538A-C621-4DED-A541-35A4B4374F12}.Release|x64.ActiveCfg = Release|x64
		{60DD538A-C621-4DED-A541-35A4B4374F12}.Release|x64.Build.0 = Release|x64
		{60DD538A-C621-4DED-A541-35A4B4374F12}.Release|x86.ActiveCfg = Release|Win32
		{60DD538A-C621-4DED-A541-35A4B4374F12}.Release|x86.Build.0 = Release|Win32
		{38207DB5-C679-4538-8C37-3A3B29C3251D}.Debug|x64.ActiveCfg = Debug|x64
		{38207DB5-C679-4538-8C37-3A3B29C3251D}.Debug|x64.Build.0 = Debug|x64
		{38207DB5-C679-4538-8C37-3A3B29C3251D}.Debug|x86.ActiveCfg = Debug|Win32
		{38207DB5-C679-4538-8C37-3A3B29C3251D}.Debug|x86.Build.0 = Debug|Win32
		{38207DB5-C679-4538-8C37-3A3B29C3251D}.Release|x64.ActiveCfg = Release|x64
		{38207DB5-C679-4538-8C37-3A3B29C3251D}.Release|x64.Build.0 = Release|x64
		{38207DB5-C679-4538-8C37-3A3B29C3251D}.Release|x86.ActiveCfg = Release|Win32
		{38207DB5-C679-4538-8C37-3A3B29C3251D}.Release|x86.Build.0 = Release|Win32
		{32FB35F9-3122-43E6-9471-18113D474000}.Debug|x64.ActiveCfg = Debug|x64
		{32FB35F9-3122-43E6-9471-18113D474000}.Debug|x64.Build.0 = Debug|x64
		{32FB35F9-3122-43E6-9471-18113D474000}.Debug|x86.ActiveCfg = Debug|Win32
		{32FB35F9-3122-43E6-9471-18113D474000}.Debug|x86.Build.0 = Debug|Win32
		{32FB35F9-3122-43E6-9471-18113D474000}.Release|x64.ActiveCfg = Release|x64
		{32FB35F9-3122-43E6-9471-18113D474000}.Release|x64.Build.0 = Release|x64
		{32FB35F9-3122-43E6-9471-18113D474000}.Release|x86.ActiveCfg = Release|Win32
		{32FB35F9-3122-43E6-9471-18113D474000}.Release|x86.Build.0 = Release|Win32
		{BB0F4D04-B299-45C3-A71B-C87461157F1F}.Debug|x64.ActiveCfg = Debug|x64
		{BB0F4D04-B299-45C3-A71B-C87461157F1F}.Debug|x64.Build.0 = Debug|x64
		{BB0F4D04-B299-45C3-A71B-C87461157F1F}.Debug|x86.ActiveCfg = Debug|Win32
		{BB0F4D04-B299-45C3-A71B-C87461157F1F}.Debug|x86.Build.0 = Debug|Win32
		{BB0F4D04-B299-45C3-A71B-C87461157F1F}.Release|x64.ActiveCfg = Release|x64
		{BB0F4D04-B299-45C3-A71B-C87461157F1F}.Release|x64.Build.0 = Release|x64
		{BB0F4D04-B299-45C3-A71B-C87461157F1F}.Release|x86.ActiveCfg = Release|Win32
		{BB0F4D04-B299-45C3-A71B-C87461157F1F}.Release|x86.Build.0 = Release|Win32
		{12A66A7B-6015-4CFD-BBA1-7642050E46DF}.Debug|x64.ActiveCfg = Debug|x64
		{12A66A7B-6015-4CFD-BBA1-7642050E46DF}.Debug|x64.Build.0 = Debug|x64
		{12A66A7B-6015-4CFD-BBA1-7642050E46DF}.Debug|x86.ActiveCfg = Debug|Win32
		{12A66A7B-6015-4CFD-BBA1-7642050E46DF}.Debug|x86.Build.0 = Debug|Win32
		{12A66A7B-6015-4CFD-BBA1-7642050E46DF}.Release|x64.ActiveCfg = Release|x64
		{12A66A7B-6015-4CFD-BBA1-7642050E46DF}.Release|x64.Build.0 = Release|x64
		{12A66A7B-6015-4CFD-BBA1-7642050E46DF}.Release|x86.ActiveCfg = Release|Win32
		{12A66A7B-6015-4CFD-BBA1-7642050E46DF}.Release|x86.Build.0 = Release|Win32
		{5C2F5EB0-8B43-42B6-BDC0-5D589967E8E5}.Debug|x64.ActiveCfg = Debug|x64
		{5C2F5EB0-8B43-42B6-BDC0-5D589967E8E5}.Debug|x64.Build.0 = Debug|x64
		{5C2F5EB0-8B43-42B6-BDC0-5D589967E8E5}.Debug|x86.ActiveCfg = Debug|Win32
		{5C2F5EB0-8B43-42B6-BDC0-5D589967E8E5}.Debug|x86.Build.0 = Debug|Win32
		{5C2F5EB0-8B43-42B6-BDC0-5D589967E8E5}.Release|x64.ActiveCfg = Release|x64
		{5C2F5EB0-8B43-42B6-BDC0-5D589967E8E5}.Release|x64.Build.0 = Release|x64
		{5C2F5EB0-8B43-42B6-BDC0-5D589967E8E5}.Release|x86.ActiveCfg = Release|Win32
		{5C2F5EB0-8B43-42B6-BDC0-5D589967E8E5}.Release|x86.Build.0 = Release|Win32
		{CA44C3C9-21E6-4A6A-B3FB-AAD68B7E99E2}.Debug|x64.ActiveCfg = Debug|x64
		{CA44C3C9-21E6-4A6A-B3FB-AAD68B7E99E2}.Debug|x64.Build.0 = Debug|x64
		{CA44C3C9-21E6-4A6A-B3FB-AAD68B7E99E2}.Debug|x86.ActiveCfg = Debug|Win32
		{CA44C3C9-21E6-4A6A-B3FB-AAD68B7E99E2}.Debug|x86.Build.0 = Debug|Win32
		{CA44C3C9-21E6-4A6A-B3FB-AAD68B7E99E2}.Release|x64.ActiveCfg = Release|x64
		{CA44C3C9-21E6-4A6A-B3FB-AAD68B7E99E2}.Release|x64.Build.0 = Release|x64
		{CA44C3C9-21E6-4A6A-B3FB-AAD68B7E99E2}.Release|x86.ActiveCfg = Release|Win32
		{CA44C3C9-21E6-4A6A-B3FB-AAD68B7E99E2}.Release|x86.Build.0 = Release|Win32
		{D0C7293B-71BA-481B-9101-E4347042C141}.Debug|x64.ActiveCfg = Debug|x64
		{D0C7293B-71BA-481B-9101-E4347042C141}.Debug|x64.Build.0 = Debug|x64
		{D0C7293B-71BA-481B-9101-E4347042C141}.Debug|x86.ActiveCfg = Debug|Win32
		{D0C7293B-71BA-481B-9101-E4347042C141}.Debug|x86.Build.0 = Debug|Win32
		{D0C7293B-71BA-481B-9101-E4347042C141}.Release|x64.ActiveCfg = Release|x64
		{D0C7293B-71BA-481B-9101-E4347042C141}.Release|x64.Build.0 = Release|x64
		{D0C7293B-71BA-481B-9101-E4347042C141}.Release|x86.ActiveCfg = Release|Win32
		{D0C7293B-71BA-481B-9101-E4347042C141}.Release|x86.Build.0 = Release|Win32
		{B791E338-ED90-4317-975F-9F7667F52F75}.Debug|x64.ActiveCfg = Debug|x64
		{B791E338-ED90-4317-975F-9F7667F52F75}.Debug|x64.Build.0 = Debug|x64
		{B791E338-ED90-4317-975F-9F7667F52F75}.Debug|x86.ActiveCfg = Debug|Win32
		{B791E338-ED90-4317-975F-9F7667F52F75}.Debug|x86.Build.0 = Debug|Win32
		{B791E338-ED90-4317-975F-9F7667F52F75}.Release|x64.ActiveCfg = Release|x64
		{B791E338-ED90-4317-975F-9F7667F52F75}.Release|x64.Build.0 = Release|x64
		{B791E338-ED90-4317-975F-9F7667F52F75}.Release|x86.ActiveCfg = Release|Win32
		{B791E338-ED90-4317-975F-9F7667F52F75}.Release|x86.Build.0 = Release|Win32
		{5EF711E3-397C-40FF-BF99-923D0B15DC88}.Debug|x64.ActiveCfg = Debug|x64
		{5EF711E3-397C-40FF-BF99-923D0B15DC88}.Debug|x64.Build.0 = Debug|x64
		{5EF711E3-397C-40FF-BF99-923D0B15DC88}.Debug|x86.ActiveCfg = Debug|Win32
		{5EF711E3-397C-40FF-BF99-923D0B15DC88}.Debug|x86.Build.0 = Debug|Win32
		{5EF711E3-397C-40FF-BF99-923D0B15DC88}.Release|x64.ActiveCfg = Release|x64
		{5EF711E3-397C-40FF-BF99-923D0B15DC88}.Release|x64.Build.0 = Release|x64
		{5EF711E3-397C-40FF-BF99-923D0B15DC88}.Release|x86.ActiveCfg = Release|Win32
		{5EF711E3-397C-40FF-BF99-923D0B15DC88}.Release|x86.Build.0 = Release|Win32
		{D140DD27-BD10-4F31-BFE5-8219DF52C458}.Debug|x64.ActiveCfg = Debug|x64
		{D140DD27-BD10-4F31-BFE5-8219DF52C458}.Debug|x64.Build.0 = Debug|x64
		{D140DD27-BD10-4F31-BFE5-8219DF52C458}.Debug|x86.ActiveCfg = Debug|Win32
		{D140DD27-BD10-4F31-BFE5-8219DF52C458}.Debug|x86.Build.0 = Debug|Win32
		{D140DD27-BD10-4F31-BFE5-8219DF52C458}.Release|x64.ActiveCfg = Release|x64
		{D140DD27-BD10-4F31-BFE5-8219DF52C458}.Release|x64.Build.0 = Release|x64
		{D140DD27-BD10-4F31-BFE5-8219DF52C458}.Release|x86.ActiveCfg = Release|Win32
		{D140DD27-BD10-4F31-BFE5-8219DF52C458}.Release|x86.Build.0 = Release|Win32
		{5D9EE97E-EDD6-4837-B4BF-585F4F57C0AE}.Debug|x64.ActiveCfg = Debug|x64
		{5D9EE97E-EDD6-4837-B4BF-585F4F57C0AE}.Debug|x64.Build.0 = Debug|x64
		{5D9EE97E-EDD6-4837-B4BF-585F4F57C0AE}.Debug|x86.ActiveCfg = Debug|Win32
		{5D9EE97E-EDD6-4837-B4BF-585F4F57C0AE}.Debug|x86.Build.0 = Debug|Win32
		{5D9EE97E-EDD6-4837-B4BF-585F4F57C0AE}.Release|x64.ActiveCfg = Release|x64
		{5D9EE97E-EDD6-4837-B4BF-585F4F57C0AE}.Release|x64.Build.0 = Release|x64
		{5D9EE97E-EDD6-4837-B4BF-585F4F57C0AE}.Release|x86.ActiveCfg = Release|Win32
		{5D9EE97E-EDD6-4837-B4BF-585F4F57C0AE}.Release|x86.Build.0 = Release|Win32
		{79919BC6-8744-47CC-BF62-07CC0036111E}.Debug|x64.ActiveCfg = Debug|x64
		{79919BC6-8744-47CC-BF62-07CC0036111E}.Debug|x64.Build.0 = Debug|x64
		{79919BC6-8744-47CC-BF62-07CC0036111E}.Debug|x86.ActiveCfg = Debug|Win32
		{79919BC6-8744-47CC-BF62-07CC0036111E}.Debug|x86.Build.0 = Debug|Win32
		{79919BC6-8744-47CC-BF62-07CC0036111E}.Release|x64.ActiveCfg = Release|x64
		{79919BC6-8744-47CC-BF62-07CC0036111E}.Release|x64.Build.0 = Release|x64
		{79919BC6-8744-47CC-BF62-07CC0036111E}.Release|x86.ActiveCfg = Release|Win32
		{79919BC6-8744-47CC-BF62-07CC0036111E}.Release|x86.Build.0 = Release|Win32
		{009EAF3F-F7CE-4588-BFB4-EB87B834A3B9}.Debug|x64.ActiveCfg = Debug|x64
		{009EAF3F-F7CE-4588-BFB4-EB87B834A3B9}.Debug|x64.Build.0 = Debug|x64
		{009EAF3F-F7CE-4588-BFB4-EB87B834A3B9}.Debug|x86.ActiveCfg = Debug|Win32
		{009EAF3F-F7CE-4588-BFB4-EB87B834A3B9}.Debug|x86.Build.0 = Debug|Win32
		{009EAF3F-F7CE-4588-BFB4-EB87B834A3B9}.Release|x64.ActiveCfg = Release|x64
		{009EAF3F-F7CE-4588-BFB4-EB87B834A3B9}.Release|x64.Build.0 = Release|x64
		{009EAF3F-F7CE-4588-BFB4-EB87B834A3B9}.Release|x86.ActiveCfg = Release|Win32
		{009EAF3F-F7CE-4588-BFB4-EB87B834A3B9}.Release|x86.Build.0 = Release|Win32
		{BE4F72BA-1042-4056-8EDA-240E822B601D}.Debug|x64.ActiveCfg = Debug|x64
		{BE4F72BA-1042-4056-8EDA-240E822B601D}.Debug|x64.Build.0 = Debug|x64
		{BE4F72BA-1042-4056-8EDA-240E822B601D}.Debug|x86.ActiveCfg = Debug|Win32
		{BE4F72BA-1042-4056-8EDA-240E822B601D}.Debug|x86.Build.0 = Debug|Win32
		{BE4F72BA-1042-4056-8EDA-240E822B601D}.Release|x64.ActiveCfg = Release|x64
		{BE4F72BA-1042-4056-8EDA-240E822B601D}.Release|x64.Build.0 = Release|x64
		{BE4F72BA-1042-4056-8EDA-240E822B601D}.Release|x86.ActiveCfg = Release|Win32
		{BE4F72BA-1042-4056-8EDA-240E822B601D}.Release|x86.Build.0 = Release|Win32
		{2D595575-C84F-48F5-BD47-206FEB89FC0F}.Debug|x64.ActiveCfg = Debug|x64
		{2D595575-C84F-48F5-BD47-206FEB89FC0F}.Debug|x64.Build.0 = Debug|x64
		{2D595575-C84F-48F5-BD47-206FEB89FC0F}.Debug|x86.ActiveCfg = Debug|Win32
		{2D595575-C84F-48F5-BD47-206FEB89FC0F}.Debug|x86.Build.0 = Debug|Win32
		{2D595575-C84F-48F5-BD47-206FEB89FC0F}.Release|x64.ActiveCfg = Release|x64
		{2D595575-C84F-48F5-BD47-206FEB89FC0F}.Release|x64.Build.0 = Release|x64
		{2D595575-C84F-48F5-BD47-206FEB89FC0F}.Release|x86.ActiveCfg = Release|Win32
		{2D595575-C84F-48F5-BD47-206FEB89FC0F}.Release|x86.Build.0 = Release|Win32
		{1796324E-32E5-42F1-BF18-D65C582755AC}.Debug|x64.ActiveCfg = Debug|x64
		{1796324E-32E5-42F1-BF18-D65C582755AC}.Debug|x64.Build.0 = Debug|x64
		{1796324E-32E5-42F1-BF18-D65C582755AC}.Debug|x86.ActiveCfg = Debug|Win32
		{1796324E-32E5-42F1-BF18-D65C582755AC}.Debug|x86.Build.0 = Debug|Win32
		{1796324E-32E5-42F1-BF18-D65C582755AC}.Release|x64.ActiveCfg = Release|x64
		{1796324E-32E5-42F1-BF18-D65C582755AC}.Release|x64.Build.0 = Release|x64
		{1796324E-32E5-42F1-BF18-D65C582755AC}.Release|x86.ActiveCfg = Release|Win32
		{1796324E-32E5-42F1-BF18-D65C582755AC}.Release|x86.Build.0 = Release|Win32
	EndGlobalSection
	GlobalSection(SolutionProperties) = preSolution
		HideSolutionNode = FALSE
	EndGlobalSection
	GlobalSection(ExtensibilityGlobals) = postSolution
		SolutionGuid = {2D908987-4D0E-4436-8AD1-6B98BAAAD81C}
	EndGlobalSection
EndGlobal
